// !$*UTF8*$!
{
	archiveVersion = 1;
	classes = {
	};
	objectVersion = 46;
	objects = {

/* Begin PBXBuildFile section */
		01171B791EC432CE0055E6F7 /* main.m in Sources */ = {isa = PBXBuildFile; fileRef = 01171B781EC432CE0055E6F7 /* main.m */; };
		01171B7C1EC432CE0055E6F7 /* AppDelegate.m in Sources */ = {isa = PBXBuildFile; fileRef = 01171B7B1EC432CE0055E6F7 /* AppDelegate.m */; };
		01171B7F1EC432CE0055E6F7 /* ViewController.m in Sources */ = {isa = PBXBuildFile; fileRef = 01171B7E1EC432CE0055E6F7 /* ViewController.m */; };
		01171B821EC432CE0055E6F7 /* Main.storyboard in Resources */ = {isa = PBXBuildFile; fileRef = 01171B801EC432CE0055E6F7 /* Main.storyboard */; };
		01171B841EC432CE0055E6F7 /* Assets.xcassets in Resources */ = {isa = PBXBuildFile; fileRef = 01171B831EC432CE0055E6F7 /* Assets.xcassets */; };
		01171B871EC432CE0055E6F7 /* LaunchScreen.storyboard in Resources */ = {isa = PBXBuildFile; fileRef = 01171B851EC432CE0055E6F7 /* LaunchScreen.storyboard */; };
		01171B921EC432CE0055E6F7 /* _______Tests.m in Sources */ = {isa = PBXBuildFile; fileRef = 01171B911EC432CE0055E6F7 /* _______Tests.m */; };
		01171B9D1EC432CE0055E6F7 /* _______UITests.m in Sources */ = {isa = PBXBuildFile; fileRef = 01171B9C1EC432CE0055E6F7 /* _______UITests.m */; };
		01171BCC1EC43E2D0055E6F7 /* DDAddressPicker.m in Sources */ = {isa = PBXBuildFile; fileRef = 01171BCB1EC43E2D0055E6F7 /* DDAddressPicker.m */; };
		01171BCE1EC43ED80055E6F7 /* area.plist in Resources */ = {isa = PBXBuildFile; fileRef = 01171BCD1EC43ED80055E6F7 /* area.plist */; };
		01171BEC1EC444180055E6F7 /* LICENSE in Resources */ = {isa = PBXBuildFile; fileRef = 01171BD01EC444180055E6F7 /* LICENSE */; };
		01171BED1EC444180055E6F7 /* MASCompositeConstraint.m in Sources */ = {isa = PBXBuildFile; fileRef = 01171BD31EC444180055E6F7 /* MASCompositeConstraint.m */; };
		01171BEE1EC444180055E6F7 /* MASConstraint.m in Sources */ = {isa = PBXBuildFile; fileRef = 01171BD61EC444180055E6F7 /* MASConstraint.m */; };
		01171BEF1EC444180055E6F7 /* MASConstraintMaker.m in Sources */ = {isa = PBXBuildFile; fileRef = 01171BD81EC444180055E6F7 /* MASConstraintMaker.m */; };
		01171BF01EC444180055E6F7 /* MASLayoutConstraint.m in Sources */ = {isa = PBXBuildFile; fileRef = 01171BDA1EC444180055E6F7 /* MASLayoutConstraint.m */; };
		01171BF11EC444180055E6F7 /* MASViewAttribute.m in Sources */ = {isa = PBXBuildFile; fileRef = 01171BDE1EC444180055E6F7 /* MASViewAttribute.m */; };
		01171BF21EC444180055E6F7 /* MASViewConstraint.m in Sources */ = {isa = PBXBuildFile; fileRef = 01171BE01EC444180055E6F7 /* MASViewConstraint.m */; };
		01171BF31EC444180055E6F7 /* NSArray+MASAdditions.m in Sources */ = {isa = PBXBuildFile; fileRef = 01171BE21EC444180055E6F7 /* NSArray+MASAdditions.m */; };
		01171BF41EC444180055E6F7 /* NSLayoutConstraint+MASDebugAdditions.m in Sources */ = {isa = PBXBuildFile; fileRef = 01171BE51EC444180055E6F7 /* NSLayoutConstraint+MASDebugAdditions.m */; };
		01171BF51EC444180055E6F7 /* View+MASAdditions.m in Sources */ = {isa = PBXBuildFile; fileRef = 01171BE71EC444180055E6F7 /* View+MASAdditions.m */; };
		01171BF61EC444180055E6F7 /* ViewController+MASAdditions.m in Sources */ = {isa = PBXBuildFile; fileRef = 01171BEA1EC444180055E6F7 /* ViewController+MASAdditions.m */; };
		01171BF71EC444180055E6F7 /* README.md in Sources */ = {isa = PBXBuildFile; fileRef = 01171BEB1EC444180055E6F7 /* README.md */; };
/* End PBXBuildFile section */

/* Begin PBXContainerItemProxy section */
		01171B8E1EC432CE0055E6F7 /* PBXContainerItemProxy */ = {
			isa = PBXContainerItemProxy;
			containerPortal = 01171B6C1EC432CE0055E6F7 /* Project object */;
			proxyType = 1;
			remoteGlobalIDString = 01171B731EC432CE0055E6F7;
			remoteInfo = "省市区三级级联";
		};
		01171B991EC432CE0055E6F7 /* PBXContainerItemProxy */ = {
			isa = PBXContainerItemProxy;
			containerPortal = 01171B6C1EC432CE0055E6F7 /* Project object */;
			proxyType = 1;
			remoteGlobalIDString = 01171B731EC432CE0055E6F7;
			remoteInfo = "省市区三级级联";
		};
/* End PBXContainerItemProxy section */

/* Begin PBXFileReference section */
		01171B741EC432CE0055E6F7 /* 省市区三级级联.app */ = {isa = PBXFileReference; explicitFileType = wrapper.application; includeInIndex = 0; path = "省市区三级级联.app"; sourceTree = BUILT_PRODUCTS_DIR; };
		01171B781EC432CE0055E6F7 /* main.m */ = {isa = PBXFileReference; lastKnownFileType = sourcecode.c.objc; path = main.m; sourceTree = "<group>"; };
		01171B7A1EC432CE0055E6F7 /* AppDelegate.h */ = {isa = PBXFileReference; lastKnownFileType = sourcecode.c.h; path = AppDelegate.h; sourceTree = "<group>"; };
		01171B7B1EC432CE0055E6F7 /* AppDelegate.m */ = {isa = PBXFileReference; lastKnownFileType = sourcecode.c.objc; path = AppDelegate.m; sourceTree = "<group>"; };
		01171B7D1EC432CE0055E6F7 /* ViewController.h */ = {isa = PBXFileReference; lastKnownFileType = sourcecode.c.h; path = ViewController.h; sourceTree = "<group>"; };
		01171B7E1EC432CE0055E6F7 /* ViewController.m */ = {isa = PBXFileReference; lastKnownFileType = sourcecode.c.objc; path = ViewController.m; sourceTree = "<group>"; };
		01171B811EC432CE0055E6F7 /* Base */ = {isa = PBXFileReference; lastKnownFileType = file.storyboard; name = Base; path = Base.lproj/Main.storyboard; sourceTree = "<group>"; };
		01171B831EC432CE0055E6F7 /* Assets.xcassets */ = {isa = PBXFileReference; lastKnownFileType = folder.assetcatalog; path = Assets.xcassets; sourceTree = "<group>"; };
		01171B861EC432CE0055E6F7 /* Base */ = {isa = PBXFileReference; lastKnownFileType = file.storyboard; name = Base; path = Base.lproj/LaunchScreen.storyboard; sourceTree = "<group>"; };
		01171B881EC432CE0055E6F7 /* Info.plist */ = {isa = PBXFileReference; lastKnownFileType = text.plist.xml; path = Info.plist; sourceTree = "<group>"; };
		01171B8D1EC432CE0055E6F7 /* 省市区三级级联Tests.xctest */ = {isa = PBXFileReference; explicitFileType = wrapper.cfbundle; includeInIndex = 0; path = "省市区三级级联Tests.xctest"; sourceTree = BUILT_PRODUCTS_DIR; };
		01171B911EC432CE0055E6F7 /* _______Tests.m */ = {isa = PBXFileReference; lastKnownFileType = sourcecode.c.objc; path = "_______Tests.m"; sourceTree = "<group>"; };
		01171B931EC432CE0055E6F7 /* Info.plist */ = {isa = PBXFileReference; lastKnownFileType = text.plist.xml; path = Info.plist; sourceTree = "<group>"; };
		01171B981EC432CE0055E6F7 /* 省市区三级级联UITests.xctest */ = {isa = PBXFileReference; explicitFileType = wrapper.cfbundle; includeInIndex = 0; path = "省市区三级级联UITests.xctest"; sourceTree = BUILT_PRODUCTS_DIR; };
		01171B9C1EC432CE0055E6F7 /* _______UITests.m */ = {isa = PBXFileReference; lastKnownFileType = sourcecode.c.objc; path = "_______UITests.m"; sourceTree = "<group>"; };
		01171B9E1EC432CE0055E6F7 /* Info.plist */ = {isa = PBXFileReference; lastKnownFileType = text.plist.xml; path = Info.plist; sourceTree = "<group>"; };
		01171BCA1EC43E2D0055E6F7 /* DDAddressPicker.h */ = {isa = PBXFileReference; fileEncoding = 4; lastKnownFileType = sourcecode.c.h; path = DDAddressPicker.h; sourceTree = "<group>"; };
		01171BCB1EC43E2D0055E6F7 /* DDAddressPicker.m */ = {isa = PBXFileReference; fileEncoding = 4; lastKnownFileType = sourcecode.c.objc; path = DDAddressPicker.m; sourceTree = "<group>"; };
		01171BCD1EC43ED80055E6F7 /* area.plist */ = {isa = PBXFileReference; fileEncoding = 4; lastKnownFileType = text.plist.xml; path = area.plist; sourceTree = "<group>"; };
		01171BD01EC444180055E6F7 /* LICENSE */ = {isa = PBXFileReference; fileEncoding = 4; lastKnownFileType = text; path = LICENSE; sourceTree = "<group>"; };
		01171BD21EC444180055E6F7 /* MASCompositeConstraint.h */ = {isa = PBXFileReference; fileEncoding = 4; lastKnownFileType = sourcecode.c.h; path = MASCompositeConstraint.h; sourceTree = "<group>"; };
		01171BD31EC444180055E6F7 /* MASCompositeConstraint.m */ = {isa = PBXFileReference; fileEncoding = 4; lastKnownFileType = sourcecode.c.objc; path = MASCompositeConstraint.m; sourceTree = "<group>"; };
		01171BD41EC444180055E6F7 /* MASConstraint+Private.h */ = {isa = PBXFileReference; fileEncoding = 4; lastKnownFileType = sourcecode.c.h; path = "MASConstraint+Private.h"; sourceTree = "<group>"; };
		01171BD51EC444180055E6F7 /* MASConstraint.h */ = {isa = PBXFileReference; fileEncoding = 4; lastKnownFileType = sourcecode.c.h; path = MASConstraint.h; sourceTree = "<group>"; };
		01171BD61EC444180055E6F7 /* MASConstraint.m */ = {isa = PBXFileReference; fileEncoding = 4; lastKnownFileType = sourcecode.c.objc; path = MASConstraint.m; sourceTree = "<group>"; };
		01171BD71EC444180055E6F7 /* MASConstraintMaker.h */ = {isa = PBXFileReference; fileEncoding = 4; lastKnownFileType = sourcecode.c.h; path = MASConstraintMaker.h; sourceTree = "<group>"; };
		01171BD81EC444180055E6F7 /* MASConstraintMaker.m */ = {isa = PBXFileReference; fileEncoding = 4; lastKnownFileType = sourcecode.c.objc; path = MASConstraintMaker.m; sourceTree = "<group>"; };
		01171BD91EC444180055E6F7 /* MASLayoutConstraint.h */ = {isa = PBXFileReference; fileEncoding = 4; lastKnownFileType = sourcecode.c.h; path = MASLayoutConstraint.h; sourceTree = "<group>"; };
		01171BDA1EC444180055E6F7 /* MASLayoutConstraint.m */ = {isa = PBXFileReference; fileEncoding = 4; lastKnownFileType = sourcecode.c.objc; path = MASLayoutConstraint.m; sourceTree = "<group>"; };
		01171BDB1EC444180055E6F7 /* Masonry.h */ = {isa = PBXFileReference; fileEncoding = 4; lastKnownFileType = sourcecode.c.h; path = Masonry.h; sourceTree = "<group>"; };
		01171BDC1EC444180055E6F7 /* MASUtilities.h */ = {isa = PBXFileReference; fileEncoding = 4; lastKnownFileType = sourcecode.c.h; path = MASUtilities.h; sourceTree = "<group>"; };
		01171BDD1EC444180055E6F7 /* MASViewAttribute.h */ = {isa = PBXFileReference; fileEncoding = 4; lastKnownFileType = sourcecode.c.h; path = MASViewAttribute.h; sourceTree = "<group>"; };
		01171BDE1EC444180055E6F7 /* MASViewAttribute.m */ = {isa = PBXFileReference; fileEncoding = 4; lastKnownFileType = sourcecode.c.objc; path = MASViewAttribute.m; sourceTree = "<group>"; };
		01171BDF1EC444180055E6F7 /* MASViewConstraint.h */ = {isa = PBXFileReference; fileEncoding = 4; lastKnownFileType = sourcecode.c.h; path = MASViewConstraint.h; sourceTree = "<group>"; };
		01171BE01EC444180055E6F7 /* MASViewConstraint.m */ = {isa = PBXFileReference; fileEncoding = 4; lastKnownFileType = sourcecode.c.objc; path = MASViewConstraint.m; sourceTree = "<group>"; };
		01171BE11EC444180055E6F7 /* NSArray+MASAdditions.h */ = {isa = PBXFileReference; fileEncoding = 4; lastKnownFileType = sourcecode.c.h; path = "NSArray+MASAdditions.h"; sourceTree = "<group>"; };
		01171BE21EC444180055E6F7 /* NSArray+MASAdditions.m */ = {isa = PBXFileReference; fileEncoding = 4; lastKnownFileType = sourcecode.c.objc; path = "NSArray+MASAdditions.m"; sourceTree = "<group>"; };
		01171BE31EC444180055E6F7 /* NSArray+MASShorthandAdditions.h */ = {isa = PBXFileReference; fileEncoding = 4; lastKnownFileType = sourcecode.c.h; path = "NSArray+MASShorthandAdditions.h"; sourceTree = "<group>"; };
		01171BE41EC444180055E6F7 /* NSLayoutConstraint+MASDebugAdditions.h */ = {isa = PBXFileReference; fileEncoding = 4; lastKnownFileType = sourcecode.c.h; path = "NSLayoutConstraint+MASDebugAdditions.h"; sourceTree = "<group>"; };
		01171BE51EC444180055E6F7 /* NSLayoutConstraint+MASDebugAdditions.m */ = {isa = PBXFileReference; fileEncoding = 4; lastKnownFileType = sourcecode.c.objc; path = "NSLayoutConstraint+MASDebugAdditions.m"; sourceTree = "<group>"; };
		01171BE61EC444180055E6F7 /* View+MASAdditions.h */ = {isa = PBXFileReference; fileEncoding = 4; lastKnownFileType = sourcecode.c.h; path = "View+MASAdditions.h"; sourceTree = "<group>"; };
		01171BE71EC444180055E6F7 /* View+MASAdditions.m */ = {isa = PBXFileReference; fileEncoding = 4; lastKnownFileType = sourcecode.c.objc; path = "View+MASAdditions.m"; sourceTree = "<group>"; };
		01171BE81EC444180055E6F7 /* View+MASShorthandAdditions.h */ = {isa = PBXFileReference; fileEncoding = 4; lastKnownFileType = sourcecode.c.h; path = "View+MASShorthandAdditions.h"; sourceTree = "<group>"; };
		01171BE91EC444180055E6F7 /* ViewController+MASAdditions.h */ = {isa = PBXFileReference; fileEncoding = 4; lastKnownFileType = sourcecode.c.h; path = "ViewController+MASAdditions.h"; sourceTree = "<group>"; };
		01171BEA1EC444180055E6F7 /* ViewController+MASAdditions.m */ = {isa = PBXFileReference; fileEncoding = 4; lastKnownFileType = sourcecode.c.objc; path = "ViewController+MASAdditions.m"; sourceTree = "<group>"; };
		01171BEB1EC444180055E6F7 /* README.md */ = {isa = PBXFileReference; fileEncoding = 4; lastKnownFileType = net.daringfireball.markdown; path = README.md; sourceTree = "<group>"; };
/* End PBXFileReference section */

/* Begin PBXFrameworksBuildPhase section */
		01171B711EC432CE0055E6F7 /* Frameworks */ = {
			isa = PBXFrameworksBuildPhase;
			buildActionMask = 2147483647;
			files = (
			);
			runOnlyForDeploymentPostprocessing = 0;
		};
		01171B8A1EC432CE0055E6F7 /* Frameworks */ = {
			isa = PBXFrameworksBuildPhase;
			buildActionMask = 2147483647;
			files = (
			);
			runOnlyForDeploymentPostprocessing = 0;
		};
		01171B951EC432CE0055E6F7 /* Frameworks */ = {
			isa = PBXFrameworksBuildPhase;
			buildActionMask = 2147483647;
			files = (
			);
			runOnlyForDeploymentPostprocessing = 0;
		};
/* End PBXFrameworksBuildPhase section */

/* Begin PBXGroup section */
		01171B6B1EC432CE0055E6F7 = {
			isa = PBXGroup;
			children = (
				01171B761EC432CE0055E6F7 /* 省市区三级级联 */,
				01171B901EC432CE0055E6F7 /* 省市区三级级联Tests */,
				01171B9B1EC432CE0055E6F7 /* 省市区三级级联UITests */,
				01171B751EC432CE0055E6F7 /* Products */,
			);
			sourceTree = "<group>";
		};
		01171B751EC432CE0055E6F7 /* Products */ = {
			isa = PBXGroup;
			children = (
				01171B741EC432CE0055E6F7 /* 省市区三级级联.app */,
				01171B8D1EC432CE0055E6F7 /* 省市区三级级联Tests.xctest */,
				01171B981EC432CE0055E6F7 /* 省市区三级级联UITests.xctest */,
			);
			name = Products;
			sourceTree = "<group>";
		};
		01171B761EC432CE0055E6F7 /* 省市区三级级联 */ = {
			isa = PBXGroup;
			children = (
				01171BCF1EC444180055E6F7 /* Masonry */,
				01171BCD1EC43ED80055E6F7 /* area.plist */,
				01171B7A1EC432CE0055E6F7 /* AppDelegate.h */,
				01171B7B1EC432CE0055E6F7 /* AppDelegate.m */,
				01171B7D1EC432CE0055E6F7 /* ViewController.h */,
				01171B7E1EC432CE0055E6F7 /* ViewController.m */,
				01171BCA1EC43E2D0055E6F7 /* DDAddressPicker.h */,
				01171BCB1EC43E2D0055E6F7 /* DDAddressPicker.m */,
				01171B801EC432CE0055E6F7 /* Main.storyboard */,
				01171B831EC432CE0055E6F7 /* Assets.xcassets */,
				01171B851EC432CE0055E6F7 /* LaunchScreen.storyboard */,
				01171B881EC432CE0055E6F7 /* Info.plist */,
				01171B771EC432CE0055E6F7 /* Supporting Files */,
			);
			path = "省市区三级级联";
			sourceTree = "<group>";
		};
		01171B771EC432CE0055E6F7 /* Supporting Files */ = {
			isa = PBXGroup;
			children = (
				01171B781EC432CE0055E6F7 /* main.m */,
			);
			name = "Supporting Files";
			sourceTree = "<group>";
		};
		01171B901EC432CE0055E6F7 /* 省市区三级级联Tests */ = {
			isa = PBXGroup;
			children = (
				01171B911EC432CE0055E6F7 /* _______Tests.m */,
				01171B931EC432CE0055E6F7 /* Info.plist */,
			);
			path = "省市区三级级联Tests";
			sourceTree = "<group>";
		};
		01171B9B1EC432CE0055E6F7 /* 省市区三级级联UITests */ = {
			isa = PBXGroup;
			children = (
				01171B9C1EC432CE0055E6F7 /* _______UITests.m */,
				01171B9E1EC432CE0055E6F7 /* Info.plist */,
			);
			path = "省市区三级级联UITests";
			sourceTree = "<group>";
		};
		01171BCF1EC444180055E6F7 /* Masonry */ = {
			isa = PBXGroup;
			children = (
				01171BD01EC444180055E6F7 /* LICENSE */,
				01171BD11EC444180055E6F7 /* Masonry */,
				01171BEB1EC444180055E6F7 /* README.md */,
			);
			path = Masonry;
			sourceTree = "<group>";
		};
		01171BD11EC444180055E6F7 /* Masonry */ = {
			isa = PBXGroup;
			children = (
				01171BD21EC444180055E6F7 /* MASCompositeConstraint.h */,
				01171BD31EC444180055E6F7 /* MASCompositeConstraint.m */,
				01171BD41EC444180055E6F7 /* MASConstraint+Private.h */,
				01171BD51EC444180055E6F7 /* MASConstraint.h */,
				01171BD61EC444180055E6F7 /* MASConstraint.m */,
				01171BD71EC444180055E6F7 /* MASConstraintMaker.h */,
				01171BD81EC444180055E6F7 /* MASConstraintMaker.m */,
				01171BD91EC444180055E6F7 /* MASLayoutConstraint.h */,
				01171BDA1EC444180055E6F7 /* MASLayoutConstraint.m */,
				01171BDB1EC444180055E6F7 /* Masonry.h */,
				01171BDC1EC444180055E6F7 /* MASUtilities.h */,
				01171BDD1EC444180055E6F7 /* MASViewAttribute.h */,
				01171BDE1EC444180055E6F7 /* MASViewAttribute.m */,
				01171BDF1EC444180055E6F7 /* MASViewConstraint.h */,
				01171BE01EC444180055E6F7 /* MASViewConstraint.m */,
				01171BE11EC444180055E6F7 /* NSArray+MASAdditions.h */,
				01171BE21EC444180055E6F7 /* NSArray+MASAdditions.m */,
				01171BE31EC444180055E6F7 /* NSArray+MASShorthandAdditions.h */,
				01171BE41EC444180055E6F7 /* NSLayoutConstraint+MASDebugAdditions.h */,
				01171BE51EC444180055E6F7 /* NSLayoutConstraint+MASDebugAdditions.m */,
				01171BE61EC444180055E6F7 /* View+MASAdditions.h */,
				01171BE71EC444180055E6F7 /* View+MASAdditions.m */,
				01171BE81EC444180055E6F7 /* View+MASShorthandAdditions.h */,
				01171BE91EC444180055E6F7 /* ViewController+MASAdditions.h */,
				01171BEA1EC444180055E6F7 /* ViewController+MASAdditions.m */,
			);
			path = Masonry;
			sourceTree = "<group>";
		};
/* End PBXGroup section */

/* Begin PBXNativeTarget section */
		01171B731EC432CE0055E6F7 /* 省市区三级级联 */ = {
			isa = PBXNativeTarget;
			buildConfigurationList = 01171BA11EC432CE0055E6F7 /* Build configuration list for PBXNativeTarget "省市区三级级联" */;
			buildPhases = (
				01171B701EC432CE0055E6F7 /* Sources */,
				01171B711EC432CE0055E6F7 /* Frameworks */,
				01171B721EC432CE0055E6F7 /* Resources */,
			);
			buildRules = (
			);
			dependencies = (
			);
			name = "省市区三级级联";
			productName = "省市区三级级联";
			productReference = 01171B741EC432CE0055E6F7 /* 省市区三级级联.app */;
			productType = "com.apple.product-type.application";
		};
		01171B8C1EC432CE0055E6F7 /* 省市区三级级联Tests */ = {
			isa = PBXNativeTarget;
			buildConfigurationList = 01171BA41EC432CE0055E6F7 /* Build configuration list for PBXNativeTarget "省市区三级级联Tests" */;
			buildPhases = (
				01171B891EC432CE0055E6F7 /* Sources */,
				01171B8A1EC432CE0055E6F7 /* Frameworks */,
				01171B8B1EC432CE0055E6F7 /* Resources */,
			);
			buildRules = (
			);
			dependencies = (
				01171B8F1EC432CE0055E6F7 /* PBXTargetDependency */,
			);
			name = "省市区三级级联Tests";
			productName = "省市区三级级联Tests";
			productReference = 01171B8D1EC432CE0055E6F7 /* 省市区三级级联Tests.xctest */;
			productType = "com.apple.product-type.bundle.unit-test";
		};
		01171B971EC432CE0055E6F7 /* 省市区三级级联UITests */ = {
			isa = PBXNativeTarget;
			buildConfigurationList = 01171BA71EC432CE0055E6F7 /* Build configuration list for PBXNativeTarget "省市区三级级联UITests" */;
			buildPhases = (
				01171B941EC432CE0055E6F7 /* Sources */,
				01171B951EC432CE0055E6F7 /* Frameworks */,
				01171B961EC432CE0055E6F7 /* Resources */,
			);
			buildRules = (
			);
			dependencies = (
				01171B9A1EC432CE0055E6F7 /* PBXTargetDependency */,
			);
			name = "省市区三级级联UITests";
			productName = "省市区三级级联UITests";
			productReference = 01171B981EC432CE0055E6F7 /* 省市区三级级联UITests.xctest */;
			productType = "com.apple.product-type.bundle.ui-testing";
		};
/* End PBXNativeTarget section */

/* Begin PBXProject section */
		01171B6C1EC432CE0055E6F7 /* Project object */ = {
			isa = PBXProject;
			attributes = {
				LastUpgradeCheck = 0820;
				ORGANIZATIONNAME = ai;
				TargetAttributes = {
					01171B731EC432CE0055E6F7 = {
						CreatedOnToolsVersion = 8.2.1;
						DevelopmentTeam = AL8Z95Q4JM;
						ProvisioningStyle = Automatic;
					};
					01171B8C1EC432CE0055E6F7 = {
						CreatedOnToolsVersion = 8.2.1;
						ProvisioningStyle = Automatic;
						TestTargetID = 01171B731EC432CE0055E6F7;
					};
					01171B971EC432CE0055E6F7 = {
						CreatedOnToolsVersion = 8.2.1;
						ProvisioningStyle = Automatic;
						TestTargetID = 01171B731EC432CE0055E6F7;
					};
				};
			};
			buildConfigurationList = 01171B6F1EC432CE0055E6F7 /* Build configuration list for PBXProject "省市区三级级联" */;
			compatibilityVersion = "Xcode 3.2";
			developmentRegion = English;
			hasScannedForEncodings = 0;
			knownRegions = (
				en,
				Base,
			);
			mainGroup = 01171B6B1EC432CE0055E6F7;
			productRefGroup = 01171B751EC432CE0055E6F7 /* Products */;
			projectDirPath = "";
			projectRoot = "";
			targets = (
				01171B731EC432CE0055E6F7 /* 省市区三级级联 */,
				01171B8C1EC432CE0055E6F7 /* 省市区三级级联Tests */,
				01171B971EC432CE0055E6F7 /* 省市区三级级联UITests */,
			);
		};
/* End PBXProject section */

/* Begin PBXResourcesBuildPhase section */
		01171B721EC432CE0055E6F7 /* Resources */ = {
			isa = PBXResourcesBuildPhase;
			buildActionMask = 2147483647;
			files = (
				01171B871EC432CE0055E6F7 /* LaunchScreen.storyboard in Resources */,
				01171BCE1EC43ED80055E6F7 /* area.plist in Resources */,
				01171B841EC432CE0055E6F7 /* Assets.xcassets in Resources */,
				01171B821EC432CE0055E6F7 /* Main.storyboard in Resources */,
				01171BEC1EC444180055E6F7 /* LICENSE in Resources */,
			);
			runOnlyForDeploymentPostprocessing = 0;
		};
		01171B8B1EC432CE0055E6F7 /* Resources */ = {
			isa = PBXResourcesBuildPhase;
			buildActionMask = 2147483647;
			files = (
			);
			runOnlyForDeploymentPostprocessing = 0;
		};
		01171B961EC432CE0055E6F7 /* Resources */ = {
			isa = PBXResourcesBuildPhase;
			buildActionMask = 2147483647;
			files = (
			);
			runOnlyForDeploymentPostprocessing = 0;
		};
/* End PBXResourcesBuildPhase section */

/* Begin PBXSourcesBuildPhase section */
		01171B701EC432CE0055E6F7 /* Sources */ = {
			isa = PBXSourcesBuildPhase;
			buildActionMask = 2147483647;
			files = (
				01171BEF1EC444180055E6F7 /* MASConstraintMaker.m in Sources */,
				01171BCC1EC43E2D0055E6F7 /* DDAddressPicker.m in Sources */,
				01171B7F1EC432CE0055E6F7 /* ViewController.m in Sources */,
				01171BEE1EC444180055E6F7 /* MASConstraint.m in Sources */,
				01171BF61EC444180055E6F7 /* ViewController+MASAdditions.m in Sources */,
				01171BF01EC444180055E6F7 /* MASLayoutConstraint.m in Sources */,
				01171BF31EC444180055E6F7 /* NSArray+MASAdditions.m in Sources */,
				01171BF21EC444180055E6F7 /* MASViewConstraint.m in Sources */,
				01171BF11EC444180055E6F7 /* MASViewAttribute.m in Sources */,
				01171BF51EC444180055E6F7 /* View+MASAdditions.m in Sources */,
				01171B7C1EC432CE0055E6F7 /* AppDelegate.m in Sources */,
				01171B791EC432CE0055E6F7 /* main.m in Sources */,
				01171BF71EC444180055E6F7 /* README.md in Sources */,
				01171BED1EC444180055E6F7 /* MASCompositeConstraint.m in Sources */,
				01171BF41EC444180055E6F7 /* NSLayoutConstraint+MASDebugAdditions.m in Sources */,
			);
			runOnlyForDeploymentPostprocessing = 0;
		};
		01171B891EC432CE0055E6F7 /* Sources */ = {
			isa = PBXSourcesBuildPhase;
			buildActionMask = 2147483647;
			files = (
				01171B921EC432CE0055E6F7 /* _______Tests.m in Sources */,
			);
			runOnlyForDeploymentPostprocessing = 0;
		};
		01171B941EC432CE0055E6F7 /* Sources */ = {
			isa = PBXSourcesBuildPhase;
			buildActionMask = 2147483647;
			files = (
				01171B9D1EC432CE0055E6F7 /* _______UITests.m in Sources */,
			);
			runOnlyForDeploymentPostprocessing = 0;
		};
/* End PBXSourcesBuildPhase section */

/* Begin PBXTargetDependency section */
		01171B8F1EC432CE0055E6F7 /* PBXTargetDependency */ = {
			isa = PBXTargetDependency;
			target = 01171B731EC432CE0055E6F7 /* 省市区三级级联 */;
			targetProxy = 01171B8E1EC432CE0055E6F7 /* PBXContainerItemProxy */;
		};
		01171B9A1EC432CE0055E6F7 /* PBXTargetDependency */ = {
			isa = PBXTargetDependency;
			target = 01171B731EC432CE0055E6F7 /* 省市区三级级联 */;
			targetProxy = 01171B991EC432CE0055E6F7 /* PBXContainerItemProxy */;
		};
/* End PBXTargetDependency section */

/* Begin PBXVariantGroup section */
		01171B801EC432CE0055E6F7 /* Main.storyboard */ = {
			isa = PBXVariantGroup;
			children = (
				01171B811EC432CE0055E6F7 /* Base */,
			);
			name = Main.storyboard;
			sourceTree = "<group>";
		};
		01171B851EC432CE0055E6F7 /* LaunchScreen.storyboard */ = {
			isa = PBXVariantGroup;
			children = (
				01171B861EC432CE0055E6F7 /* Base */,
			);
			name = LaunchScreen.storyboard;
			sourceTree = "<group>";
		};
/* End PBXVariantGroup section */

/* Begin XCBuildConfiguration section */
		01171B9F1EC432CE0055E6F7 /* Debug */ = {
			isa = XCBuildConfiguration;
			buildSettings = {
				ALWAYS_SEARCH_USER_PATHS = NO;
				CLANG_ANALYZER_NONNULL = YES;
				CLANG_CXX_LANGUAGE_STANDARD = "gnu++0x";
				CLANG_CXX_LIBRARY = "libc++";
				CLANG_ENABLE_MODULES = YES;
				CLANG_ENABLE_OBJC_ARC = YES;
				CLANG_WARN_BOOL_CONVERSION = YES;
				CLANG_WARN_CONSTANT_CONVERSION = YES;
				CLANG_WARN_DIRECT_OBJC_ISA_USAGE = YES_ERROR;
				CLANG_WARN_DOCUMENTATION_COMMENTS = YES;
				CLANG_WARN_EMPTY_BODY = YES;
				CLANG_WARN_ENUM_CONVERSION = YES;
				CLANG_WARN_INFINITE_RECURSION = YES;
				CLANG_WARN_INT_CONVERSION = YES;
				CLANG_WARN_OBJC_ROOT_CLASS = YES_ERROR;
				CLANG_WARN_SUSPICIOUS_MOVE = YES;
				CLANG_WARN_UNREACHABLE_CODE = YES;
				CLANG_WARN__DUPLICATE_METHOD_MATCH = YES;
				"CODE_SIGN_IDENTITY[sdk=iphoneos*]" = "iPhone Developer";
				COPY_PHASE_STRIP = NO;
				DEBUG_INFORMATION_FORMAT = dwarf;
				ENABLE_STRICT_OBJC_MSGSEND = YES;
				ENABLE_TESTABILITY = YES;
				GCC_C_LANGUAGE_STANDARD = gnu99;
				GCC_DYNAMIC_NO_PIC = NO;
				GCC_NO_COMMON_BLOCKS = YES;
				GCC_OPTIMIZATION_LEVEL = 0;
				GCC_PREPROCESSOR_DEFINITIONS = (
					"DEBUG=1",
					"$(inherited)",
				);
				GCC_WARN_64_TO_32_BIT_CONVERSION = YES;
				GCC_WARN_ABOUT_RETURN_TYPE = YES_ERROR;
				GCC_WARN_UNDECLARED_SELECTOR = YES;
				GCC_WARN_UNINITIALIZED_AUTOS = YES_AGGRESSIVE;
				GCC_WARN_UNUSED_FUNCTION = YES;
				GCC_WARN_UNUSED_VARIABLE = YES;
				IPHONEOS_DEPLOYMENT_TARGET = 10.2;
				MTL_ENABLE_DEBUG_INFO = YES;
				ONLY_ACTIVE_ARCH = YES;
				SDKROOT = iphoneos;
				TARGETED_DEVICE_FAMILY = "1,2";
			};
			name = Debug;
		};
		01171BA01EC432CE0055E6F7 /* Release */ = {
			isa = XCBuildConfiguration;
			buildSettings = {
				ALWAYS_SEARCH_USER_PATHS = NO;
				CLANG_ANALYZER_NONNULL = YES;
				CLANG_CXX_LANGUAGE_STANDARD = "gnu++0x";
				CLANG_CXX_LIBRARY = "libc++";
				CLANG_ENABLE_MODULES = YES;
				CLANG_ENABLE_OBJC_ARC = YES;
				CLANG_WARN_BOOL_CONVERSION = YES;
				CLANG_WARN_CONSTANT_CONVERSION = YES;
				CLANG_WARN_DIRECT_OBJC_ISA_USAGE = YES_ERROR;
				CLANG_WARN_DOCUMENTATION_COMMENTS = YES;
				CLANG_WARN_EMPTY_BODY = YES;
				CLANG_WARN_ENUM_CONVERSION = YES;
				CLANG_WARN_INFINITE_RECURSION = YES;
				CLANG_WARN_INT_CONVERSION = YES;
				CLANG_WARN_OBJC_ROOT_CLASS = YES_ERROR;
				CLANG_WARN_SUSPICIOUS_MOVE = YES;
				CLANG_WARN_UNREACHABLE_CODE = YES;
				CLANG_WARN__DUPLICATE_METHOD_MATCH = YES;
				"CODE_SIGN_IDENTITY[sdk=iphoneos*]" = "iPhone Developer";
				COPY_PHASE_STRIP = NO;
				DEBUG_INFORMATION_FORMAT = "dwarf-with-dsym";
				ENABLE_NS_ASSERTIONS = NO;
				ENABLE_STRICT_OBJC_MSGSEND = YES;
				GCC_C_LANGUAGE_STANDARD = gnu99;
				GCC_NO_COMMON_BLOCKS = YES;
				GCC_WARN_64_TO_32_BIT_CONVERSION = YES;
				GCC_WARN_ABOUT_RETURN_TYPE = YES_ERROR;
				GCC_WARN_UNDECLARED_SELECTOR = YES;
				GCC_WARN_UNINITIALIZED_AUTOS = YES_AGGRESSIVE;
				GCC_WARN_UNUSED_FUNCTION = YES;
				GCC_WARN_UNUSED_VARIABLE = YES;
				IPHONEOS_DEPLOYMENT_TARGET = 10.2;
				MTL_ENABLE_DEBUG_INFO = NO;
				SDKROOT = iphoneos;
				TARGETED_DEVICE_FAMILY = "1,2";
				VALIDATE_PRODUCT = YES;
			};
			name = Release;
		};
		01171BA21EC432CE0055E6F7 /* Debug */ = {
			isa = XCBuildConfiguration;
			buildSettings = {
				ASSETCATALOG_COMPILER_APPICON_NAME = AppIcon;
				DEVELOPMENT_TEAM = AL8Z95Q4JM;
				INFOPLIST_FILE = "省市区三级级联/Info.plist";
				IPHONEOS_DEPLOYMENT_TARGET = 8.0;
				LD_RUNPATH_SEARCH_PATHS = "$(inherited) @executable_path/Frameworks";
				PRODUCT_BUNDLE_IDENTIFIER = "DDSC.-------";
				PRODUCT_NAME = "$(TARGET_NAME)";
			};
			name = Debug;
		};
		01171BA31EC432CE0055E6F7 /* Release */ = {
			isa = XCBuildConfiguration;
			buildSettings = {
				ASSETCATALOG_COMPILER_APPICON_NAME = AppIcon;
				DEVELOPMENT_TEAM = AL8Z95Q4JM;
				INFOPLIST_FILE = "省市区三级级联/Info.plist";
				IPHONEOS_DEPLOYMENT_TARGET = 8.0;
				LD_RUNPATH_SEARCH_PATHS = "$(inherited) @executable_path/Frameworks";
				PRODUCT_BUNDLE_IDENTIFIER = "DDSC.-------";
				PRODUCT_NAME = "$(TARGET_NAME)";
			};
			name = Release;
		};
		01171BA51EC432CE0055E6F7 /* Debug */ = {
			isa = XCBuildConfiguration;
			buildSettings = {
				BUNDLE_LOADER = "$(TEST_HOST)";
				INFOPLIST_FILE = "省市区三级级联Tests/Info.plist";
				LD_RUNPATH_SEARCH_PATHS = "$(inherited) @executable_path/Frameworks @loader_path/Frameworks";
				PRODUCT_BUNDLE_IDENTIFIER = "DDSC.-------Tests";
				PRODUCT_NAME = "$(TARGET_NAME)";
				TEST_HOST = "$(BUILT_PRODUCTS_DIR)/省市区三级级联.app/省市区三级级联";
			};
			name = Debug;
		};
		01171BA61EC432CE0055E6F7 /* Release */ = {
			isa = XCBuildConfiguration;
			buildSettings = {
				BUNDLE_LOADER = "$(TEST_HOST)";
				INFOPLIST_FILE = "省市区三级级联Tests/Info.plist";
				LD_RUNPATH_SEARCH_PATHS = "$(inherited) @executable_path/Frameworks @loader_path/Frameworks";
				PRODUCT_BUNDLE_IDENTIFIER = "DDSC.-------Tests";
				PRODUCT_NAME = "$(TARGET_NAME)";
				TEST_HOST = "$(BUILT_PRODUCTS_DIR)/省市区三级级联.app/省市区三级级联";
			};
			name = Release;
		};
		01171BA81EC432CE0055E6F7 /* Debug */ = {
			isa = XCBuildConfiguration;
			buildSettings = {
				INFOPLIST_FILE = "省市区三级级联UITests/Info.plist";
				LD_RUNPATH_SEARCH_PATHS = "$(inherited) @executable_path/Frameworks @loader_path/Frameworks";
				PRODUCT_BUNDLE_IDENTIFIER = "DDSC.-------UITests";
				PRODUCT_NAME = "$(TARGET_NAME)";
				TEST_TARGET_NAME = "省市区三级级联";
			};
			name = Debug;
		};
		01171BA91EC432CE0055E6F7 /* Release */ = {
			isa = XCBuildConfiguration;
			buildSettings = {
				INFOPLIST_FILE = "省市区三级级联UITests/Info.plist";
				LD_RUNPATH_SEARCH_PATHS = "$(inherited) @executable_path/Frameworks @loader_path/Frameworks";
				PRODUCT_BUNDLE_IDENTIFIER = "DDSC.-------UITests";
				PRODUCT_NAME = "$(TARGET_NAME)";
				TEST_TARGET_NAME = "省市区三级级联";
			};
			name = Release;
		};
/* End XCBuildConfiguration section */

/* Begin XCConfigurationList section */
		01171B6F1EC432CE0055E6F7 /* Build configuration list for PBXProject "省市区三级级联" */ = {
			isa = XCConfigurationList;
			buildConfigurations = (
				01171B9F1EC432CE0055E6F7 /* Debug */,
				01171BA01EC432CE0055E6F7 /* Release */,
			);
			defaultConfigurationIsVisible = 0;
			defaultConfigurationName = Release;
		};
		01171BA11EC432CE0055E6F7 /* Build configuration list for PBXNativeTarget "省市区三级级联" */ = {
			isa = XCConfigurationList;
			buildConfigurations = (
				01171BA21EC432CE0055E6F7 /* Debug */,
				01171BA31EC432CE0055E6F7 /* Release */,
			);
			defaultConfigurationIsVisible = 0;
		};
		01171BA41EC432CE0055E6F7 /* Build configuration list for PBXNativeTarget "省市区三级级联Tests" */ = {
			isa = XCConfigurationList;
			buildConfigurations = (
				01171BA51EC432CE0055E6F7 /* Debug */,
				01171BA61EC432CE0055E6F7 /* Release */,
			);
			defaultConfigurationIsVisible = 0;
		};
		01171BA71EC432CE0055E6F7 /* Build configuration list for PBXNativeTarget "省市区三级级联UITests" */ = {
			isa = XCConfigurationList;
			buildConfigurations = (
				01171BA81EC432CE0055E6F7 /* Debug */,
				01171BA91EC432CE0055E6F7 /* Release */,
			);
			defaultConfigurationIsVisible = 0;
		};
/* End XCConfigurationList section */
	};
	rootObject = 01171B6C1EC432CE0055E6F7 /* Project object */;
}
