// !$*UTF8*$!
{
	archiveVersion = 1;
	classes = {
	};
	objectVersion = 46;
	objects = {

/* Begin PBXBuildFile section */
		01A165491B7339D400AF37E5 /* line.m in Sources */ = {isa = PBXBuildFile; fileRef = 01A165481B7339D400AF37E5 /* line.m */; };
		01A1654E1B733ED200AF37E5 /* font.m in Sources */ = {isa = PBXBuildFile; fileRef = 01A1654D1B733ED200AF37E5 /* font.m */; };
		01A165541B7341F200AF37E5 /* headView.m in Sources */ = {isa = PBXBuildFile; fileRef = 01A165531B7341F200AF37E5 /* headView.m */; };
		01CB0C471B7215F7000C6DFA /* main.m in Sources */ = {isa = PBXBuildFile; fileRef = 01CB0C461B7215F7000C6DFA /* main.m */; };
		01CB0C4A1B7215F7000C6DFA /* AppDelegate.m in Sources */ = {isa = PBXBuildFile; fileRef = 01CB0C491B7215F7000C6DFA /* AppDelegate.m */; };
		01CB0C4D1B7215F7000C6DFA /* ViewController.m in Sources */ = {isa = PBXBuildFile; fileRef = 01CB0C4C1B7215F7000C6DFA /* ViewController.m */; };
		01CB0C501B7215F7000C6DFA /* Main.storyboard in Resources */ = {isa = PBXBuildFile; fileRef = 01CB0C4E1B7215F7000C6DFA /* Main.storyboard */; };
		01CB0C521B7215F7000C6DFA /* Images.xcassets in Resources */ = {isa = PBXBuildFile; fileRef = 01CB0C511B7215F7000C6DFA /* Images.xcassets */; };
		01CB0C551B7215F7000C6DFA /* LaunchScreen.xib in Resources */ = {isa = PBXBuildFile; fileRef = 01CB0C531B7215F7000C6DFA /* LaunchScreen.xib */; };
		01CB0C611B7215F7000C6DFA /* __Tests.m in Sources */ = {isa = PBXBuildFile; fileRef = 01CB0C601B7215F7000C6DFA /* __Tests.m */; };
		01CB0C6F1B721A46000C6DFA /* colorPiker.m in Sources */ = {isa = PBXBuildFile; fileRef = 01CB0C6E1B721A46000C6DFA /* colorPiker.m */; };
		01CB0C771B722519000C6DFA /* colorPiker.xib in Resources */ = {isa = PBXBuildFile; fileRef = 01CB0C761B722519000C6DFA /* colorPiker.xib */; };
		01CB0C7A1B722C60000C6DFA /* touchView.m in Sources */ = {isa = PBXBuildFile; fileRef = 01CB0C791B722C60000C6DFA /* touchView.m */; };
/* End PBXBuildFile section */

/* Begin PBXContainerItemProxy section */
		01CB0C5B1B7215F7000C6DFA /* PBXContainerItemProxy */ = {
			isa = PBXContainerItemProxy;
			containerPortal = 01CB0C391B7215F7000C6DFA /* Project object */;
			proxyType = 1;
			remoteGlobalIDString = 01CB0C401B7215F7000C6DFA;
			remoteInfo = "画板";
		};
/* End PBXContainerItemProxy section */

/* Begin PBXFileReference section */
		01A165471B7339D400AF37E5 /* line.h */ = {isa = PBXFileReference; fileEncoding = 4; lastKnownFileType = sourcecode.c.h; path = line.h; sourceTree = "<group>"; };
		01A165481B7339D400AF37E5 /* line.m */ = {isa = PBXFileReference; fileEncoding = 4; lastKnownFileType = sourcecode.c.objc; path = line.m; sourceTree = "<group>"; };
		01A1654C1B733ED200AF37E5 /* font.h */ = {isa = PBXFileReference; fileEncoding = 4; lastKnownFileType = sourcecode.c.h; path = font.h; sourceTree = "<group>"; };
		01A1654D1B733ED200AF37E5 /* font.m */ = {isa = PBXFileReference; fileEncoding = 4; lastKnownFileType = sourcecode.c.objc; path = font.m; sourceTree = "<group>"; };
		01A165521B7341F200AF37E5 /* headView.h */ = {isa = PBXFileReference; fileEncoding = 4; lastKnownFileType = sourcecode.c.h; path = headView.h; sourceTree = "<group>"; };
		01A165531B7341F200AF37E5 /* headView.m */ = {isa = PBXFileReference; fileEncoding = 4; lastKnownFileType = sourcecode.c.objc; path = headView.m; sourceTree = "<group>"; };
		01CB0C411B7215F7000C6DFA /* 画板.app */ = {isa = PBXFileReference; explicitFileType = wrapper.application; includeInIndex = 0; path = "画板.app"; sourceTree = BUILT_PRODUCTS_DIR; };
		01CB0C451B7215F7000C6DFA /* Info.plist */ = {isa = PBXFileReference; lastKnownFileType = text.plist.xml; path = Info.plist; sourceTree = "<group>"; };
		01CB0C461B7215F7000C6DFA /* main.m */ = {isa = PBXFileReference; lastKnownFileType = sourcecode.c.objc; path = main.m; sourceTree = "<group>"; };
		01CB0C481B7215F7000C6DFA /* AppDelegate.h */ = {isa = PBXFileReference; lastKnownFileType = sourcecode.c.h; path = AppDelegate.h; sourceTree = "<group>"; };
		01CB0C491B7215F7000C6DFA /* AppDelegate.m */ = {isa = PBXFileReference; lastKnownFileType = sourcecode.c.objc; path = AppDelegate.m; sourceTree = "<group>"; };
		01CB0C4B1B7215F7000C6DFA /* ViewController.h */ = {isa = PBXFileReference; lastKnownFileType = sourcecode.c.h; path = ViewController.h; sourceTree = "<group>"; };
		01CB0C4C1B7215F7000C6DFA /* ViewController.m */ = {isa = PBXFileReference; lastKnownFileType = sourcecode.c.objc; path = ViewController.m; sourceTree = "<group>"; };
		01CB0C4F1B7215F7000C6DFA /* Base */ = {isa = PBXFileReference; lastKnownFileType = file.storyboard; name = Base; path = Base.lproj/Main.storyboard; sourceTree = "<group>"; };
		01CB0C511B7215F7000C6DFA /* Images.xcassets */ = {isa = PBXFileReference; lastKnownFileType = folder.assetcatalog; path = Images.xcassets; sourceTree = "<group>"; };
		01CB0C541B7215F7000C6DFA /* Base */ = {isa = PBXFileReference; lastKnownFileType = file.xib; name = Base; path = Base.lproj/LaunchScreen.xib; sourceTree = "<group>"; };
		01CB0C5A1B7215F7000C6DFA /* 画板Tests.xctest */ = {isa = PBXFileReference; explicitFileType = wrapper.cfbundle; includeInIndex = 0; path = "画板Tests.xctest"; sourceTree = BUILT_PRODUCTS_DIR; };
		01CB0C5F1B7215F7000C6DFA /* Info.plist */ = {isa = PBXFileReference; lastKnownFileType = text.plist.xml; path = Info.plist; sourceTree = "<group>"; };
		01CB0C601B7215F7000C6DFA /* __Tests.m */ = {isa = PBXFileReference; lastKnownFileType = sourcecode.c.objc; path = __Tests.m; sourceTree = "<group>"; };
		01CB0C6D1B721A46000C6DFA /* colorPiker.h */ = {isa = PBXFileReference; fileEncoding = 4; lastKnownFileType = sourcecode.c.h; path = colorPiker.h; sourceTree = "<group>"; };
		01CB0C6E1B721A46000C6DFA /* colorPiker.m */ = {isa = PBXFileReference; fileEncoding = 4; lastKnownFileType = sourcecode.c.objc; path = colorPiker.m; sourceTree = "<group>"; };
		01CB0C761B722519000C6DFA /* colorPiker.xib */ = {isa = PBXFileReference; fileEncoding = 4; lastKnownFileType = file.xib; path = colorPiker.xib; sourceTree = "<group>"; };
		01CB0C781B722C60000C6DFA /* touchView.h */ = {isa = PBXFileReference; fileEncoding = 4; lastKnownFileType = sourcecode.c.h; path = touchView.h; sourceTree = "<group>"; };
		01CB0C791B722C60000C6DFA /* touchView.m */ = {isa = PBXFileReference; fileEncoding = 4; lastKnownFileType = sourcecode.c.objc; path = touchView.m; sourceTree = "<group>"; };
/* End PBXFileReference section */

/* Begin PBXFrameworksBuildPhase section */
		01CB0C3E1B7215F7000C6DFA /* Frameworks */ = {
			isa = PBXFrameworksBuildPhase;
			buildActionMask = 2147483647;
			files = (
			);
			runOnlyForDeploymentPostprocessing = 0;
		};
		01CB0C571B7215F7000C6DFA /* Frameworks */ = {
			isa = PBXFrameworksBuildPhase;
			buildActionMask = 2147483647;
			files = (
			);
			runOnlyForDeploymentPostprocessing = 0;
		};
/* End PBXFrameworksBuildPhase section */

/* Begin PBXGroup section */
		01A165451B73360000AF37E5 /* colorSelector */ = {
			isa = PBXGroup;
			children = (
				01CB0C6D1B721A46000C6DFA /* colorPiker.h */,
				01CB0C6E1B721A46000C6DFA /* colorPiker.m */,
				01CB0C761B722519000C6DFA /* colorPiker.xib */,
			);
			name = colorSelector;
			sourceTree = "<group>";
		};
		01A165461B73361B00AF37E5 /* touchView */ = {
			isa = PBXGroup;
			children = (
				01CB0C781B722C60000C6DFA /* touchView.h */,
				01CB0C791B722C60000C6DFA /* touchView.m */,
			);
			name = touchView;
			sourceTree = "<group>";
		};
		01A1654A1B733E4D00AF37E5 /* line */ = {
			isa = PBXGroup;
			children = (
				01A165471B7339D400AF37E5 /* line.h */,
				01A165481B7339D400AF37E5 /* line.m */,
			);
			name = line;
			sourceTree = "<group>";
		};
		01A1654B1B733E8300AF37E5 /* font */ = {
			isa = PBXGroup;
			children = (
				01A1654C1B733ED200AF37E5 /* font.h */,
				01A1654D1B733ED200AF37E5 /* font.m */,
			);
			name = font;
			sourceTree = "<group>";
		};
		01A165511B7341DD00AF37E5 /* headView */ = {
			isa = PBXGroup;
			children = (
				01A165521B7341F200AF37E5 /* headView.h */,
				01A165531B7341F200AF37E5 /* headView.m */,
			);
			name = headView;
			sourceTree = "<group>";
		};
		01CB0C381B7215F7000C6DFA = {
			isa = PBXGroup;
			children = (
				01CB0C431B7215F7000C6DFA /* 画板 */,
				01CB0C5D1B7215F7000C6DFA /* 画板Tests */,
				01CB0C421B7215F7000C6DFA /* Products */,
			);
			sourceTree = "<group>";
		};
		01CB0C421B7215F7000C6DFA /* Products */ = {
			isa = PBXGroup;
			children = (
				01CB0C411B7215F7000C6DFA /* 画板.app */,
				01CB0C5A1B7215F7000C6DFA /* 画板Tests.xctest */,
			);
			name = Products;
			sourceTree = "<group>";
		};
		01CB0C431B7215F7000C6DFA /* 画板 */ = {
			isa = PBXGroup;
			children = (
				01A165511B7341DD00AF37E5 /* headView */,
				01A1654B1B733E8300AF37E5 /* font */,
				01A1654A1B733E4D00AF37E5 /* line */,
				01A165461B73361B00AF37E5 /* touchView */,
				01A165451B73360000AF37E5 /* colorSelector */,
				01CB0C481B7215F7000C6DFA /* AppDelegate.h */,
				01CB0C491B7215F7000C6DFA /* AppDelegate.m */,
				01CB0C4B1B7215F7000C6DFA /* ViewController.h */,
				01CB0C4C1B7215F7000C6DFA /* ViewController.m */,
				01CB0C4E1B7215F7000C6DFA /* Main.storyboard */,
				01CB0C511B7215F7000C6DFA /* Images.xcassets */,
				01CB0C531B7215F7000C6DFA /* LaunchScreen.xib */,
				01CB0C441B7215F7000C6DFA /* Supporting Files */,
			);
			path = "画板";
			sourceTree = "<group>";
		};
		01CB0C441B7215F7000C6DFA /* Supporting Files */ = {
			isa = PBXGroup;
			children = (
				01CB0C451B7215F7000C6DFA /* Info.plist */,
				01CB0C461B7215F7000C6DFA /* main.m */,
			);
			name = "Supporting Files";
			sourceTree = "<group>";
		};
		01CB0C5D1B7215F7000C6DFA /* 画板Tests */ = {
			isa = PBXGroup;
			children = (
				01CB0C601B7215F7000C6DFA /* __Tests.m */,
				01CB0C5E1B7215F7000C6DFA /* Supporting Files */,
			);
			path = "画板Tests";
			sourceTree = "<group>";
		};
		01CB0C5E1B7215F7000C6DFA /* Supporting Files */ = {
			isa = PBXGroup;
			children = (
				01CB0C5F1B7215F7000C6DFA /* Info.plist */,
			);
			name = "Supporting Files";
			sourceTree = "<group>";
		};
/* End PBXGroup section */

/* Begin PBXNativeTarget section */
		01CB0C401B7215F7000C6DFA /* 画板 */ = {
			isa = PBXNativeTarget;
			buildConfigurationList = 01CB0C641B7215F7000C6DFA /* Build configuration list for PBXNativeTarget "画板" */;
			buildPhases = (
				01CB0C3D1B7215F7000C6DFA /* Sources */,
				01CB0C3E1B7215F7000C6DFA /* Frameworks */,
				01CB0C3F1B7215F7000C6DFA /* Resources */,
			);
			buildRules = (
			);
			dependencies = (
			);
			name = "画板";
			productName = "画板";
			productReference = 01CB0C411B7215F7000C6DFA /* 画板.app */;
			productType = "com.apple.product-type.application";
		};
		01CB0C591B7215F7000C6DFA /* 画板Tests */ = {
			isa = PBXNativeTarget;
			buildConfigurationList = 01CB0C671B7215F7000C6DFA /* Build configuration list for PBXNativeTarget "画板Tests" */;
			buildPhases = (
				01CB0C561B7215F7000C6DFA /* Sources */,
				01CB0C571B7215F7000C6DFA /* Frameworks */,
				01CB0C581B7215F7000C6DFA /* Resources */,
			);
			buildRules = (
			);
			dependencies = (
				01CB0C5C1B7215F7000C6DFA /* PBXTargetDependency */,
			);
			name = "画板Tests";
			productName = "画板Tests";
			productReference = 01CB0C5A1B7215F7000C6DFA /* 画板Tests.xctest */;
			productType = "com.apple.product-type.bundle.unit-test";
		};
/* End PBXNativeTarget section */

/* Begin PBXProject section */
		01CB0C391B7215F7000C6DFA /* Project object */ = {
			isa = PBXProject;
			attributes = {
				LastUpgradeCheck = 0630;
				ORGANIZATIONNAME = ai;
				TargetAttributes = {
					01CB0C401B7215F7000C6DFA = {
						CreatedOnToolsVersion = 6.3;
					};
					01CB0C591B7215F7000C6DFA = {
						CreatedOnToolsVersion = 6.3;
						TestTargetID = 01CB0C401B7215F7000C6DFA;
					};
				};
			};
			buildConfigurationList = 01CB0C3C1B7215F7000C6DFA /* Build configuration list for PBXProject "画板" */;
			compatibilityVersion = "Xcode 3.2";
			developmentRegion = English;
			hasScannedForEncodings = 0;
			knownRegions = (
				en,
				Base,
			);
			mainGroup = 01CB0C381B7215F7000C6DFA;
			productRefGroup = 01CB0C421B7215F7000C6DFA /* Products */;
			projectDirPath = "";
			projectRoot = "";
			targets = (
				01CB0C401B7215F7000C6DFA /* 画板 */,
				01CB0C591B7215F7000C6DFA /* 画板Tests */,
			);
		};
/* End PBXProject section */

/* Begin PBXResourcesBuildPhase section */
		01CB0C3F1B7215F7000C6DFA /* Resources */ = {
			isa = PBXResourcesBuildPhase;
			buildActionMask = 2147483647;
			files = (
				01CB0C501B7215F7000C6DFA /* Main.storyboard in Resources */,
				01CB0C771B722519000C6DFA /* colorPiker.xib in Resources */,
				01CB0C551B7215F7000C6DFA /* LaunchScreen.xib in Resources */,
				01CB0C521B7215F7000C6DFA /* Images.xcassets in Resources */,
			);
			runOnlyForDeploymentPostprocessing = 0;
		};
		01CB0C581B7215F7000C6DFA /* Resources */ = {
			isa = PBXResourcesBuildPhase;
			buildActionMask = 2147483647;
			files = (
			);
			runOnlyForDeploymentPostprocessing = 0;
		};
/* End PBXResourcesBuildPhase section */

/* Begin PBXSourcesBuildPhase section */
		01CB0C3D1B7215F7000C6DFA /* Sources */ = {
			isa = PBXSourcesBuildPhase;
			buildActionMask = 2147483647;
			files = (
				01CB0C4D1B7215F7000C6DFA /* ViewController.m in Sources */,
				01A1654E1B733ED200AF37E5 /* font.m in Sources */,
				01A165541B7341F200AF37E5 /* headView.m in Sources */,
				01CB0C6F1B721A46000C6DFA /* colorPiker.m in Sources */,
				01CB0C4A1B7215F7000C6DFA /* AppDelegate.m in Sources */,
				01A165491B7339D400AF37E5 /* line.m in Sources */,
				01CB0C7A1B722C60000C6DFA /* touchView.m in Sources */,
				01CB0C471B7215F7000C6DFA /* main.m in Sources */,
			);
			runOnlyForDeploymentPostprocessing = 0;
		};
		01CB0C561B7215F7000C6DFA /* Sources */ = {
			isa = PBXSourcesBuildPhase;
			buildActionMask = 2147483647;
			files = (
				01CB0C611B7215F7000C6DFA /* __Tests.m in Sources */,
			);
			runOnlyForDeploymentPostprocessing = 0;
		};
/* End PBXSourcesBuildPhase section */

/* Begin PBXTargetDependency section */
		01CB0C5C1B7215F7000C6DFA /* PBXTargetDependency */ = {
			isa = PBXTargetDependency;
			target = 01CB0C401B7215F7000C6DFA /* 画板 */;
			targetProxy = 01CB0C5B1B7215F7000C6DFA /* PBXContainerItemProxy */;
		};
/* End PBXTargetDependency section */

/* Begin PBXVariantGroup section */
		01CB0C4E1B7215F7000C6DFA /* Main.storyboard */ = {
			isa = PBXVariantGroup;
			children = (
				01CB0C4F1B7215F7000C6DFA /* Base */,
			);
			name = Main.storyboard;
			sourceTree = "<group>";
		};
		01CB0C531B7215F7000C6DFA /* LaunchScreen.xib */ = {
			isa = PBXVariantGroup;
			children = (
				01CB0C541B7215F7000C6DFA /* Base */,
			);
			name = LaunchScreen.xib;
			sourceTree = "<group>";
		};
/* End PBXVariantGroup section */

/* Begin XCBuildConfiguration section */
		01CB0C621B7215F7000C6DFA /* Debug */ = {
			isa = XCBuildConfiguration;
			buildSettings = {
				ALWAYS_SEARCH_USER_PATHS = NO;
				CLANG_CXX_LANGUAGE_STANDARD = "gnu++0x";
				CLANG_CXX_LIBRARY = "libc++";
				CLANG_ENABLE_MODULES = YES;
				CLANG_ENABLE_OBJC_ARC = YES;
				CLANG_WARN_BOOL_CONVERSION = YES;
				CLANG_WARN_CONSTANT_CONVERSION = YES;
				CLANG_WARN_DIRECT_OBJC_ISA_USAGE = YES_ERROR;
				CLANG_WARN_EMPTY_BODY = YES;
				CLANG_WARN_ENUM_CONVERSION = YES;
				CLANG_WARN_INT_CONVERSION = YES;
				CLANG_WARN_OBJC_ROOT_CLASS = YES_ERROR;
				CLANG_WARN_UNREACHABLE_CODE = YES;
				CLANG_WARN__DUPLICATE_METHOD_MATCH = YES;
				"CODE_SIGN_IDENTITY[sdk=iphoneos*]" = "iPhone Developer";
				COPY_PHASE_STRIP = NO;
				DEBUG_INFORMATION_FORMAT = "dwarf-with-dsym";
				ENABLE_STRICT_OBJC_MSGSEND = YES;
				GCC_C_LANGUAGE_STANDARD = gnu99;
				GCC_DYNAMIC_NO_PIC = NO;
				GCC_NO_COMMON_BLOCKS = YES;
				GCC_OPTIMIZATION_LEVEL = 0;
				GCC_PREPROCESSOR_DEFINITIONS = (
					"DEBUG=1",
					"$(inherited)",
				);
				GCC_SYMBOLS_PRIVATE_EXTERN = NO;
				GCC_WARN_64_TO_32_BIT_CONVERSION = YES;
				GCC_WARN_ABOUT_RETURN_TYPE = YES_ERROR;
				GCC_WARN_UNDECLARED_SELECTOR = YES;
				GCC_WARN_UNINITIALIZED_AUTOS = YES_AGGRESSIVE;
				GCC_WARN_UNUSED_FUNCTION = YES;
				GCC_WARN_UNUSED_VARIABLE = YES;
				IPHONEOS_DEPLOYMENT_TARGET = 8.3;
				MTL_ENABLE_DEBUG_INFO = YES;
				ONLY_ACTIVE_ARCH = YES;
				SDKROOT = iphoneos;
				TARGETED_DEVICE_FAMILY = "1,2";
			};
			name = Debug;
		};
		01CB0C631B7215F7000C6DFA /* Release */ = {
			isa = XCBuildConfiguration;
			buildSettings = {
				ALWAYS_SEARCH_USER_PATHS = NO;
				CLANG_CXX_LANGUAGE_STANDARD = "gnu++0x";
				CLANG_CXX_LIBRARY = "libc++";
				CLANG_ENABLE_MODULES = YES;
				CLANG_ENABLE_OBJC_ARC = YES;
				CLANG_WARN_BOOL_CONVERSION = YES;
				CLANG_WARN_CONSTANT_CONVERSION = YES;
				CLANG_WARN_DIRECT_OBJC_ISA_USAGE = YES_ERROR;
				CLANG_WARN_EMPTY_BODY = YES;
				CLANG_WARN_ENUM_CONVERSION = YES;
				CLANG_WARN_INT_CONVERSION = YES;
				CLANG_WARN_OBJC_ROOT_CLASS = YES_ERROR;
				CLANG_WARN_UNREACHABLE_CODE = YES;
				CLANG_WARN__DUPLICATE_METHOD_MATCH = YES;
				"CODE_SIGN_IDENTITY[sdk=iphoneos*]" = "iPhone Developer";
				COPY_PHASE_STRIP = NO;
				DEBUG_INFORMATION_FORMAT = "dwarf-with-dsym";
				ENABLE_NS_ASSERTIONS = NO;
				ENABLE_STRICT_OBJC_MSGSEND = YES;
				GCC_C_LANGUAGE_STANDARD = gnu99;
				GCC_NO_COMMON_BLOCKS = YES;
				GCC_WARN_64_TO_32_BIT_CONVERSION = YES;
				GCC_WARN_ABOUT_RETURN_TYPE = YES_ERROR;
				GCC_WARN_UNDECLARED_SELECTOR = YES;
				GCC_WARN_UNINITIALIZED_AUTOS = YES_AGGRESSIVE;
				GCC_WARN_UNUSED_FUNCTION = YES;
				GCC_WARN_UNUSED_VARIABLE = YES;
				IPHONEOS_DEPLOYMENT_TARGET = 8.3;
				MTL_ENABLE_DEBUG_INFO = NO;
				SDKROOT = iphoneos;
				TARGETED_DEVICE_FAMILY = "1,2";
				VALIDATE_PRODUCT = YES;
			};
			name = Release;
		};
		01CB0C651B7215F7000C6DFA /* Debug */ = {
			isa = XCBuildConfiguration;
			buildSettings = {
				ASSETCATALOG_COMPILER_APPICON_NAME = AppIcon;
				INFOPLIST_FILE = "画板/Info.plist";
				LD_RUNPATH_SEARCH_PATHS = "$(inherited) @executable_path/Frameworks";
				PRODUCT_NAME = "$(TARGET_NAME)";
			};
			name = Debug;
		};
		01CB0C661B7215F7000C6DFA /* Release */ = {
			isa = XCBuildConfiguration;
			buildSettings = {
				ASSETCATALOG_COMPILER_APPICON_NAME = AppIcon;
				INFOPLIST_FILE = "画板/Info.plist";
				LD_RUNPATH_SEARCH_PATHS = "$(inherited) @executable_path/Frameworks";
				PRODUCT_NAME = "$(TARGET_NAME)";
			};
			name = Release;
		};
		01CB0C681B7215F7000C6DFA /* Debug */ = {
			isa = XCBuildConfiguration;
			buildSettings = {
				BUNDLE_LOADER = "$(TEST_HOST)";
				FRAMEWORK_SEARCH_PATHS = (
					"$(SDKROOT)/Developer/Library/Frameworks",
					"$(inherited)",
				);
				GCC_PREPROCESSOR_DEFINITIONS = (
					"DEBUG=1",
					"$(inherited)",
				);
				INFOPLIST_FILE = "画板Tests/Info.plist";
				LD_RUNPATH_SEARCH_PATHS = "$(inherited) @executable_path/Frameworks @loader_path/Frameworks";
				PRODUCT_NAME = "$(TARGET_NAME)";
				TEST_HOST = "$(BUILT_PRODUCTS_DIR)/画板.app/画板";
			};
			name = Debug;
		};
		01CB0C691B7215F7000C6DFA /* Release */ = {
			isa = XCBuildConfiguration;
			buildSettings = {
				BUNDLE_LOADER = "$(TEST_HOST)";
				FRAMEWORK_SEARCH_PATHS = (
					"$(SDKROOT)/Developer/Library/Frameworks",
					"$(inherited)",
				);
				INFOPLIST_FILE = "画板Tests/Info.plist";
				LD_RUNPATH_SEARCH_PATHS = "$(inherited) @executable_path/Frameworks @loader_path/Frameworks";
				PRODUCT_NAME = "$(TARGET_NAME)";
				TEST_HOST = "$(BUILT_PRODUCTS_DIR)/画板.app/画板";
			};
			name = Release;
		};
/* End XCBuildConfiguration section */

/* Begin XCConfigurationList section */
		01CB0C3C1B7215F7000C6DFA /* Build configuration list for PBXProject "画板" */ = {
			isa = XCConfigurationList;
			buildConfigurations = (
				01CB0C621B7215F7000C6DFA /* Debug */,
				01CB0C631B7215F7000C6DFA /* Release */,
			);
			defaultConfigurationIsVisible = 0;
			defaultConfigurationName = Release;
		};
		01CB0C641B7215F7000C6DFA /* Build configuration list for PBXNativeTarget "画板" */ = {
			isa = XCConfigurationList;
			buildConfigurations = (
				01CB0C651B7215F7000C6DFA /* Debug */,
				01CB0C661B7215F7000C6DFA /* Release */,
			);
			defaultConfigurationIsVisible = 0;
			defaultConfigurationName = Release;
		};
		01CB0C671B7215F7000C6DFA /* Build configuration list for PBXNativeTarget "画板Tests" */ = {
			isa = XCConfigurationList;
			buildConfigurations = (
				01CB0C681B7215F7000C6DFA /* Debug */,
				01CB0C691B7215F7000C6DFA /* Release */,
			);
			defaultConfigurationIsVisible = 0;
			defaultConfigurationName = Release;
		};
/* End XCConfigurationList section */
	};
	rootObject = 01CB0C391B7215F7000C6DFA /* Project object */;
}
