// !$*UTF8*$!
{
	archiveVersion = 1;
	classes = {
	};
	objectVersion = 46;
	objects = {

/* Begin PBXBuildFile section */
		010B27E71F66254400D5B0A5 /* main.m in Sources */ = {isa = PBXBuildFile; fileRef = 010B27E61F66254400D5B0A5 /* main.m */; };
		010B27EA1F66254400D5B0A5 /* AppDelegate.m in Sources */ = {isa = PBXBuildFile; fileRef = 010B27E91F66254400D5B0A5 /* AppDelegate.m */; };
		010B27ED1F66254500D5B0A5 /* ViewController.m in Sources */ = {isa = PBXBuildFile; fileRef = 010B27EC1F66254500D5B0A5 /* ViewController.m */; };
		010B27F01F66254500D5B0A5 /* Main.storyboard in Resources */ = {isa = PBXBuildFile; fileRef = 010B27EE1F66254500D5B0A5 /* Main.storyboard */; };
		010B27F21F66254500D5B0A5 /* Assets.xcassets in Resources */ = {isa = PBXBuildFile; fileRef = 010B27F11F66254500D5B0A5 /* Assets.xcassets */; };
		010B27F51F66254600D5B0A5 /* LaunchScreen.storyboard in Resources */ = {isa = PBXBuildFile; fileRef = 010B27F31F66254600D5B0A5 /* LaunchScreen.storyboard */; };
		010B28001F66254A00D5B0A5 /* ____Tests.m in Sources */ = {isa = PBXBuildFile; fileRef = 010B27FF1F66254A00D5B0A5 /* ____Tests.m */; };
		010B280B1F66254C00D5B0A5 /* ____UITests.m in Sources */ = {isa = PBXBuildFile; fileRef = 010B280A1F66254C00D5B0A5 /* ____UITests.m */; };
/* End PBXBuildFile section */

/* Begin PBXContainerItemProxy section */
		010B27FC1F66254800D5B0A5 /* PBXContainerItemProxy */ = {
			isa = PBXContainerItemProxy;
			containerPortal = 010B27DA1F66254400D5B0A5 /* Project object */;
			proxyType = 1;
			remoteGlobalIDString = 010B27E11F66254400D5B0A5;
			remoteInfo = "转场动画";
		};
		010B28071F66254B00D5B0A5 /* PBXContainerItemProxy */ = {
			isa = PBXContainerItemProxy;
			containerPortal = 010B27DA1F66254400D5B0A5 /* Project object */;
			proxyType = 1;
			remoteGlobalIDString = 010B27E11F66254400D5B0A5;
			remoteInfo = "转场动画";
		};
/* End PBXContainerItemProxy section */

/* Begin PBXFileReference section */
		010B27E21F66254400D5B0A5 /* 转场动画.app */ = {isa = PBXFileReference; explicitFileType = wrapper.application; includeInIndex = 0; path = "转场动画.app"; sourceTree = BUILT_PRODUCTS_DIR; };
		010B27E61F66254400D5B0A5 /* main.m */ = {isa = PBXFileReference; lastKnownFileType = sourcecode.c.objc; path = main.m; sourceTree = "<group>"; };
		010B27E81F66254400D5B0A5 /* AppDelegate.h */ = {isa = PBXFileReference; lastKnownFileType = sourcecode.c.h; path = AppDelegate.h; sourceTree = "<group>"; };
		010B27E91F66254400D5B0A5 /* AppDelegate.m */ = {isa = PBXFileReference; lastKnownFileType = sourcecode.c.objc; path = AppDelegate.m; sourceTree = "<group>"; };
		010B27EB1F66254500D5B0A5 /* ViewController.h */ = {isa = PBXFileReference; lastKnownFileType = sourcecode.c.h; path = ViewController.h; sourceTree = "<group>"; };
		010B27EC1F66254500D5B0A5 /* ViewController.m */ = {isa = PBXFileReference; lastKnownFileType = sourcecode.c.objc; path = ViewController.m; sourceTree = "<group>"; };
		010B27EF1F66254500D5B0A5 /* Base */ = {isa = PBXFileReference; lastKnownFileType = file.storyboard; name = Base; path = Base.lproj/Main.storyboard; sourceTree = "<group>"; };
		010B27F11F66254500D5B0A5 /* Assets.xcassets */ = {isa = PBXFileReference; lastKnownFileType = folder.assetcatalog; path = Assets.xcassets; sourceTree = "<group>"; };
		010B27F41F66254600D5B0A5 /* Base */ = {isa = PBXFileReference; lastKnownFileType = file.storyboard; name = Base; path = Base.lproj/LaunchScreen.storyboard; sourceTree = "<group>"; };
		010B27F61F66254700D5B0A5 /* Info.plist */ = {isa = PBXFileReference; lastKnownFileType = text.plist.xml; path = Info.plist; sourceTree = "<group>"; };
		010B27FB1F66254800D5B0A5 /* 转场动画Tests.xctest */ = {isa = PBXFileReference; explicitFileType = wrapper.cfbundle; includeInIndex = 0; path = "转场动画Tests.xctest"; sourceTree = BUILT_PRODUCTS_DIR; };
		010B27FF1F66254A00D5B0A5 /* ____Tests.m */ = {isa = PBXFileReference; lastKnownFileType = sourcecode.c.objc; path = "____Tests.m"; sourceTree = "<group>"; };
		010B28011F66254B00D5B0A5 /* Info.plist */ = {isa = PBXFileReference; lastKnownFileType = text.plist.xml; path = Info.plist; sourceTree = "<group>"; };
		010B28061F66254B00D5B0A5 /* 转场动画UITests.xctest */ = {isa = PBXFileReference; explicitFileType = wrapper.cfbundle; includeInIndex = 0; path = "转场动画UITests.xctest"; sourceTree = BUILT_PRODUCTS_DIR; };
		010B280A1F66254C00D5B0A5 /* ____UITests.m */ = {isa = PBXFileReference; lastKnownFileType = sourcecode.c.objc; path = "____UITests.m"; sourceTree = "<group>"; };
		010B280C1F66254C00D5B0A5 /* Info.plist */ = {isa = PBXFileReference; lastKnownFileType = text.plist.xml; path = Info.plist; sourceTree = "<group>"; };
/* End PBXFileReference section */

/* Begin PBXFrameworksBuildPhase section */
		010B27DF1F66254400D5B0A5 /* Frameworks */ = {
			isa = PBXFrameworksBuildPhase;
			buildActionMask = 2147483647;
			files = (
			);
			runOnlyForDeploymentPostprocessing = 0;
		};
		010B27F81F66254800D5B0A5 /* Frameworks */ = {
			isa = PBXFrameworksBuildPhase;
			buildActionMask = 2147483647;
			files = (
			);
			runOnlyForDeploymentPostprocessing = 0;
		};
		010B28031F66254B00D5B0A5 /* Frameworks */ = {
			isa = PBXFrameworksBuildPhase;
			buildActionMask = 2147483647;
			files = (
			);
			runOnlyForDeploymentPostprocessing = 0;
		};
/* End PBXFrameworksBuildPhase section */

/* Begin PBXGroup section */
		010B27D91F66254400D5B0A5 = {
			isa = PBXGroup;
			children = (
				010B27E41F66254400D5B0A5 /* 转场动画 */,
				010B27FE1F66254800D5B0A5 /* 转场动画Tests */,
				010B28091F66254C00D5B0A5 /* 转场动画UITests */,
				010B27E31F66254400D5B0A5 /* Products */,
			);
			sourceTree = "<group>";
		};
		010B27E31F66254400D5B0A5 /* Products */ = {
			isa = PBXGroup;
			children = (
				010B27E21F66254400D5B0A5 /* 转场动画.app */,
				010B27FB1F66254800D5B0A5 /* 转场动画Tests.xctest */,
				010B28061F66254B00D5B0A5 /* 转场动画UITests.xctest */,
			);
			name = Products;
			sourceTree = "<group>";
		};
		010B27E41F66254400D5B0A5 /* 转场动画 */ = {
			isa = PBXGroup;
			children = (
				010B27E81F66254400D5B0A5 /* AppDelegate.h */,
				010B27E91F66254400D5B0A5 /* AppDelegate.m */,
				010B27EB1F66254500D5B0A5 /* ViewController.h */,
				010B27EC1F66254500D5B0A5 /* ViewController.m */,
				010B27EE1F66254500D5B0A5 /* Main.storyboard */,
				010B27F11F66254500D5B0A5 /* Assets.xcassets */,
				010B27F31F66254600D5B0A5 /* LaunchScreen.storyboard */,
				010B27F61F66254700D5B0A5 /* Info.plist */,
				010B27E51F66254400D5B0A5 /* Supporting Files */,
			);
			path = "转场动画";
			sourceTree = "<group>";
		};
		010B27E51F66254400D5B0A5 /* Supporting Files */ = {
			isa = PBXGroup;
			children = (
				010B27E61F66254400D5B0A5 /* main.m */,
			);
			name = "Supporting Files";
			sourceTree = "<group>";
		};
		010B27FE1F66254800D5B0A5 /* 转场动画Tests */ = {
			isa = PBXGroup;
			children = (
				010B27FF1F66254A00D5B0A5 /* ____Tests.m */,
				010B28011F66254B00D5B0A5 /* Info.plist */,
			);
			path = "转场动画Tests";
			sourceTree = "<group>";
		};
		010B28091F66254C00D5B0A5 /* 转场动画UITests */ = {
			isa = PBXGroup;
			children = (
				010B280A1F66254C00D5B0A5 /* ____UITests.m */,
				010B280C1F66254C00D5B0A5 /* Info.plist */,
			);
			path = "转场动画UITests";
			sourceTree = "<group>";
		};
/* End PBXGroup section */

/* Begin PBXNativeTarget section */
		010B27E11F66254400D5B0A5 /* 转场动画 */ = {
			isa = PBXNativeTarget;
			buildConfigurationList = 010B280F1F66254C00D5B0A5 /* Build configuration list for PBXNativeTarget "转场动画" */;
			buildPhases = (
				010B27DE1F66254400D5B0A5 /* Sources */,
				010B27DF1F66254400D5B0A5 /* Frameworks */,
				010B27E01F66254400D5B0A5 /* Resources */,
			);
			buildRules = (
			);
			dependencies = (
			);
			name = "转场动画";
			productName = "转场动画";
			productReference = 010B27E21F66254400D5B0A5 /* 转场动画.app */;
			productType = "com.apple.product-type.application";
		};
		010B27FA1F66254800D5B0A5 /* 转场动画Tests */ = {
			isa = PBXNativeTarget;
			buildConfigurationList = 010B28121F66254C00D5B0A5 /* Build configuration list for PBXNativeTarget "转场动画Tests" */;
			buildPhases = (
				010B27F71F66254800D5B0A5 /* Sources */,
				010B27F81F66254800D5B0A5 /* Frameworks */,
				010B27F91F66254800D5B0A5 /* Resources */,
			);
			buildRules = (
			);
			dependencies = (
				010B27FD1F66254800D5B0A5 /* PBXTargetDependency */,
			);
			name = "转场动画Tests";
			productName = "转场动画Tests";
			productReference = 010B27FB1F66254800D5B0A5 /* 转场动画Tests.xctest */;
			productType = "com.apple.product-type.bundle.unit-test";
		};
		010B28051F66254B00D5B0A5 /* 转场动画UITests */ = {
			isa = PBXNativeTarget;
			buildConfigurationList = 010B28151F66254C00D5B0A5 /* Build configuration list for PBXNativeTarget "转场动画UITests" */;
			buildPhases = (
				010B28021F66254B00D5B0A5 /* Sources */,
				010B28031F66254B00D5B0A5 /* Frameworks */,
				010B28041F66254B00D5B0A5 /* Resources */,
			);
			buildRules = (
			);
			dependencies = (
				010B28081F66254B00D5B0A5 /* PBXTargetDependency */,
			);
			name = "转场动画UITests";
			productName = "转场动画UITests";
			productReference = 010B28061F66254B00D5B0A5 /* 转场动画UITests.xctest */;
			productType = "com.apple.product-type.bundle.ui-testing";
		};
/* End PBXNativeTarget section */

/* Begin PBXProject section */
		010B27DA1F66254400D5B0A5 /* Project object */ = {
			isa = PBXProject;
			attributes = {
				LastUpgradeCheck = 0830;
				ORGANIZATIONNAME = ai;
				TargetAttributes = {
					010B27E11F66254400D5B0A5 = {
						CreatedOnToolsVersion = 8.3.3;
						ProvisioningStyle = Automatic;
					};
					010B27FA1F66254800D5B0A5 = {
						CreatedOnToolsVersion = 8.3.3;
						ProvisioningStyle = Automatic;
						TestTargetID = 010B27E11F66254400D5B0A5;
					};
					010B28051F66254B00D5B0A5 = {
						CreatedOnToolsVersion = 8.3.3;
						ProvisioningStyle = Automatic;
						TestTargetID = 010B27E11F66254400D5B0A5;
					};
				};
			};
			buildConfigurationList = 010B27DD1F66254400D5B0A5 /* Build configuration list for PBXProject "转场动画" */;
			compatibilityVersion = "Xcode 3.2";
			developmentRegion = English;
			hasScannedForEncodings = 0;
			knownRegions = (
				en,
				Base,
			);
			mainGroup = 010B27D91F66254400D5B0A5;
			productRefGroup = 010B27E31F66254400D5B0A5 /* Products */;
			projectDirPath = "";
			projectRoot = "";
			targets = (
				010B27E11F66254400D5B0A5 /* 转场动画 */,
				010B27FA1F66254800D5B0A5 /* 转场动画Tests */,
				010B28051F66254B00D5B0A5 /* 转场动画UITests */,
			);
		};
/* End PBXProject section */

/* Begin PBXResourcesBuildPhase section */
		010B27E01F66254400D5B0A5 /* Resources */ = {
			isa = PBXResourcesBuildPhase;
			buildActionMask = 2147483647;
			files = (
				010B27F51F66254600D5B0A5 /* LaunchScreen.storyboard in Resources */,
				010B27F21F66254500D5B0A5 /* Assets.xcassets in Resources */,
				010B27F01F66254500D5B0A5 /* Main.storyboard in Resources */,
			);
			runOnlyForDeploymentPostprocessing = 0;
		};
		010B27F91F66254800D5B0A5 /* Resources */ = {
			isa = PBXResourcesBuildPhase;
			buildActionMask = 2147483647;
			files = (
			);
			runOnlyForDeploymentPostprocessing = 0;
		};
		010B28041F66254B00D5B0A5 /* Resources */ = {
			isa = PBXResourcesBuildPhase;
			buildActionMask = 2147483647;
			files = (
			);
			runOnlyForDeploymentPostprocessing = 0;
		};
/* End PBXResourcesBuildPhase section */

/* Begin PBXSourcesBuildPhase section */
		010B27DE1F66254400D5B0A5 /* Sources */ = {
			isa = PBXSourcesBuildPhase;
			buildActionMask = 2147483647;
			files = (
				010B27ED1F66254500D5B0A5 /* ViewController.m in Sources */,
				010B27EA1F66254400D5B0A5 /* AppDelegate.m in Sources */,
				010B27E71F66254400D5B0A5 /* main.m in Sources */,
			);
			runOnlyForDeploymentPostprocessing = 0;
		};
		010B27F71F66254800D5B0A5 /* Sources */ = {
			isa = PBXSourcesBuildPhase;
			buildActionMask = 2147483647;
			files = (
				010B28001F66254A00D5B0A5 /* ____Tests.m in Sources */,
			);
			runOnlyForDeploymentPostprocessing = 0;
		};
		010B28021F66254B00D5B0A5 /* Sources */ = {
			isa = PBXSourcesBuildPhase;
			buildActionMask = 2147483647;
			files = (
				010B280B1F66254C00D5B0A5 /* ____UITests.m in Sources */,
			);
			runOnlyForDeploymentPostprocessing = 0;
		};
/* End PBXSourcesBuildPhase section */

/* Begin PBXTargetDependency section */
		010B27FD1F66254800D5B0A5 /* PBXTargetDependency */ = {
			isa = PBXTargetDependency;
			target = 010B27E11F66254400D5B0A5 /* 转场动画 */;
			targetProxy = 010B27FC1F66254800D5B0A5 /* PBXContainerItemProxy */;
		};
		010B28081F66254B00D5B0A5 /* PBXTargetDependency */ = {
			isa = PBXTargetDependency;
			target = 010B27E11F66254400D5B0A5 /* 转场动画 */;
			targetProxy = 010B28071F66254B00D5B0A5 /* PBXContainerItemProxy */;
		};
/* End PBXTargetDependency section */

/* Begin PBXVariantGroup section */
		010B27EE1F66254500D5B0A5 /* Main.storyboard */ = {
			isa = PBXVariantGroup;
			children = (
				010B27EF1F66254500D5B0A5 /* Base */,
			);
			name = Main.storyboard;
			sourceTree = "<group>";
		};
		010B27F31F66254600D5B0A5 /* LaunchScreen.storyboard */ = {
			isa = PBXVariantGroup;
			children = (
				010B27F41F66254600D5B0A5 /* Base */,
			);
			name = LaunchScreen.storyboard;
			sourceTree = "<group>";
		};
/* End PBXVariantGroup section */

/* Begin XCBuildConfiguration section */
		010B280D1F66254C00D5B0A5 /* Debug */ = {
			isa = XCBuildConfiguration;
			buildSettings = {
				ALWAYS_SEARCH_USER_PATHS = NO;
				CLANG_ANALYZER_NONNULL = YES;
				CLANG_ANALYZER_NUMBER_OBJECT_CONVERSION = YES_AGGRESSIVE;
				CLANG_CXX_LANGUAGE_STANDARD = "gnu++0x";
				CLANG_CXX_LIBRARY = "libc++";
				CLANG_ENABLE_MODULES = YES;
				CLANG_ENABLE_OBJC_ARC = YES;
				CLANG_WARN_BOOL_CONVERSION = YES;
				CLANG_WARN_CONSTANT_CONVERSION = YES;
				CLANG_WARN_DIRECT_OBJC_ISA_USAGE = YES_ERROR;
				CLANG_WARN_DOCUMENTATION_COMMENTS = YES;
				CLANG_WARN_EMPTY_BODY = YES;
				CLANG_WARN_ENUM_CONVERSION = YES;
				CLANG_WARN_INFINITE_RECURSION = YES;
				CLANG_WARN_INT_CONVERSION = YES;
				CLANG_WARN_OBJC_ROOT_CLASS = YES_ERROR;
				CLANG_WARN_SUSPICIOUS_MOVE = YES;
				CLANG_WARN_UNREACHABLE_CODE = YES;
				CLANG_WARN__DUPLICATE_METHOD_MATCH = YES;
				"CODE_SIGN_IDENTITY[sdk=iphoneos*]" = "iPhone Developer";
				COPY_PHASE_STRIP = NO;
				DEBUG_INFORMATION_FORMAT = dwarf;
				ENABLE_STRICT_OBJC_MSGSEND = YES;
				ENABLE_TESTABILITY = YES;
				GCC_C_LANGUAGE_STANDARD = gnu99;
				GCC_DYNAMIC_NO_PIC = NO;
				GCC_NO_COMMON_BLOCKS = YES;
				GCC_OPTIMIZATION_LEVEL = 0;
				GCC_PREPROCESSOR_DEFINITIONS = (
					"DEBUG=1",
					"$(inherited)",
				);
				GCC_WARN_64_TO_32_BIT_CONVERSION = YES;
				GCC_WARN_ABOUT_RETURN_TYPE = YES_ERROR;
				GCC_WARN_UNDECLARED_SELECTOR = YES;
				GCC_WARN_UNINITIALIZED_AUTOS = YES_AGGRESSIVE;
				GCC_WARN_UNUSED_FUNCTION = YES;
				GCC_WARN_UNUSED_VARIABLE = YES;
				IPHONEOS_DEPLOYMENT_TARGET = 10.3;
				MTL_ENABLE_DEBUG_INFO = YES;
				ONLY_ACTIVE_ARCH = YES;
				SDKROOT = iphoneos;
				TARGETED_DEVICE_FAMILY = "1,2";
			};
			name = Debug;
		};
		010B280E1F66254C00D5B0A5 /* Release */ = {
			isa = XCBuildConfiguration;
			buildSettings = {
				ALWAYS_SEARCH_USER_PATHS = NO;
				CLANG_ANALYZER_NONNULL = YES;
				CLANG_ANALYZER_NUMBER_OBJECT_CONVERSION = YES_AGGRESSIVE;
				CLANG_CXX_LANGUAGE_STANDARD = "gnu++0x";
				CLANG_CXX_LIBRARY = "libc++";
				CLANG_ENABLE_MODULES = YES;
				CLANG_ENABLE_OBJC_ARC = YES;
				CLANG_WARN_BOOL_CONVERSION = YES;
				CLANG_WARN_CONSTANT_CONVERSION = YES;
				CLANG_WARN_DIRECT_OBJC_ISA_USAGE = YES_ERROR;
				CLANG_WARN_DOCUMENTATION_COMMENTS = YES;
				CLANG_WARN_EMPTY_BODY = YES;
				CLANG_WARN_ENUM_CONVERSION = YES;
				CLANG_WARN_INFINITE_RECURSION = YES;
				CLANG_WARN_INT_CONVERSION = YES;
				CLANG_WARN_OBJC_ROOT_CLASS = YES_ERROR;
				CLANG_WARN_SUSPICIOUS_MOVE = YES;
				CLANG_WARN_UNREACHABLE_CODE = YES;
				CLANG_WARN__DUPLICATE_METHOD_MATCH = YES;
				"CODE_SIGN_IDENTITY[sdk=iphoneos*]" = "iPhone Developer";
				COPY_PHASE_STRIP = NO;
				DEBUG_INFORMATION_FORMAT = "dwarf-with-dsym";
				ENABLE_NS_ASSERTIONS = NO;
				ENABLE_STRICT_OBJC_MSGSEND = YES;
				GCC_C_LANGUAGE_STANDARD = gnu99;
				GCC_NO_COMMON_BLOCKS = YES;
				GCC_WARN_64_TO_32_BIT_CONVERSION = YES;
				GCC_WARN_ABOUT_RETURN_TYPE = YES_ERROR;
				GCC_WARN_UNDECLARED_SELECTOR = YES;
				GCC_WARN_UNINITIALIZED_AUTOS = YES_AGGRESSIVE;
				GCC_WARN_UNUSED_FUNCTION = YES;
				GCC_WARN_UNUSED_VARIABLE = YES;
				IPHONEOS_DEPLOYMENT_TARGET = 10.3;
				MTL_ENABLE_DEBUG_INFO = NO;
				SDKROOT = iphoneos;
				TARGETED_DEVICE_FAMILY = "1,2";
				VALIDATE_PRODUCT = YES;
			};
			name = Release;
		};
		010B28101F66254C00D5B0A5 /* Debug */ = {
			isa = XCBuildConfiguration;
			buildSettings = {
				ASSETCATALOG_COMPILER_APPICON_NAME = AppIcon;
				INFOPLIST_FILE = "转场动画/Info.plist";
				LD_RUNPATH_SEARCH_PATHS = "$(inherited) @executable_path/Frameworks";
				PRODUCT_BUNDLE_IDENTIFIER = "ai.----";
				PRODUCT_NAME = "$(TARGET_NAME)";
			};
			name = Debug;
		};
		010B28111F66254C00D5B0A5 /* Release */ = {
			isa = XCBuildConfiguration;
			buildSettings = {
				ASSETCATALOG_COMPILER_APPICON_NAME = AppIcon;
				INFOPLIST_FILE = "转场动画/Info.plist";
				LD_RUNPATH_SEARCH_PATHS = "$(inherited) @executable_path/Frameworks";
				PRODUCT_BUNDLE_IDENTIFIER = "ai.----";
				PRODUCT_NAME = "$(TARGET_NAME)";
			};
			name = Release;
		};
		010B28131F66254C00D5B0A5 /* Debug */ = {
			isa = XCBuildConfiguration;
			buildSettings = {
				BUNDLE_LOADER = "$(TEST_HOST)";
				INFOPLIST_FILE = "转场动画Tests/Info.plist";
				LD_RUNPATH_SEARCH_PATHS = "$(inherited) @executable_path/Frameworks @loader_path/Frameworks";
				PRODUCT_BUNDLE_IDENTIFIER = "ai.----Tests";
				PRODUCT_NAME = "$(TARGET_NAME)";
				TEST_HOST = "$(BUILT_PRODUCTS_DIR)/转场动画.app/转场动画";
			};
			name = Debug;
		};
		010B28141F66254C00D5B0A5 /* Release */ = {
			isa = XCBuildConfiguration;
			buildSettings = {
				BUNDLE_LOADER = "$(TEST_HOST)";
				INFOPLIST_FILE = "转场动画Tests/Info.plist";
				LD_RUNPATH_SEARCH_PATHS = "$(inherited) @executable_path/Frameworks @loader_path/Frameworks";
				PRODUCT_BUNDLE_IDENTIFIER = "ai.----Tests";
				PRODUCT_NAME = "$(TARGET_NAME)";
				TEST_HOST = "$(BUILT_PRODUCTS_DIR)/转场动画.app/转场动画";
			};
			name = Release;
		};
		010B28161F66254C00D5B0A5 /* Debug */ = {
			isa = XCBuildConfiguration;
			buildSettings = {
				INFOPLIST_FILE = "转场动画UITests/Info.plist";
				LD_RUNPATH_SEARCH_PATHS = "$(inherited) @executable_path/Frameworks @loader_path/Frameworks";
				PRODUCT_BUNDLE_IDENTIFIER = "ai.----UITests";
				PRODUCT_NAME = "$(TARGET_NAME)";
				TEST_TARGET_NAME = "转场动画";
			};
			name = Debug;
		};
		010B28171F66254C00D5B0A5 /* Release */ = {
			isa = XCBuildConfiguration;
			buildSettings = {
				INFOPLIST_FILE = "转场动画UITests/Info.plist";
				LD_RUNPATH_SEARCH_PATHS = "$(inherited) @executable_path/Frameworks @loader_path/Frameworks";
				PRODUCT_BUNDLE_IDENTIFIER = "ai.----UITests";
				PRODUCT_NAME = "$(TARGET_NAME)";
				TEST_TARGET_NAME = "转场动画";
			};
			name = Release;
		};
/* End XCBuildConfiguration section */

/* Begin XCConfigurationList section */
		010B27DD1F66254400D5B0A5 /* Build configuration list for PBXProject "转场动画" */ = {
			isa = XCConfigurationList;
			buildConfigurations = (
				010B280D1F66254C00D5B0A5 /* Debug */,
				010B280E1F66254C00D5B0A5 /* Release */,
			);
			defaultConfigurationIsVisible = 0;
			defaultConfigurationName = Release;
		};
		010B280F1F66254C00D5B0A5 /* Build configuration list for PBXNativeTarget "转场动画" */ = {
			isa = XCConfigurationList;
			buildConfigurations = (
				010B28101F66254C00D5B0A5 /* Debug */,
				010B28111F66254C00D5B0A5 /* Release */,
			);
			defaultConfigurationIsVisible = 0;
		};
		010B28121F66254C00D5B0A5 /* Build configuration list for PBXNativeTarget "转场动画Tests" */ = {
			isa = XCConfigurationList;
			buildConfigurations = (
				010B28131F66254C00D5B0A5 /* Debug */,
				010B28141F66254C00D5B0A5 /* Release */,
			);
			defaultConfigurationIsVisible = 0;
		};
		010B28151F66254C00D5B0A5 /* Build configuration list for PBXNativeTarget "转场动画UITests" */ = {
			isa = XCConfigurationList;
			buildConfigurations = (
				010B28161F66254C00D5B0A5 /* Debug */,
				010B28171F66254C00D5B0A5 /* Release */,
			);
			defaultConfigurationIsVisible = 0;
		};
/* End XCConfigurationList section */
	};
	rootObject = 010B27DA1F66254400D5B0A5 /* Project object */;
}
